
Microsoft Visual Studio Solution File, Format Version 12.00
# Visual Studio Version 17
VisualStudioVersion = 17.3.32929.385
MinimumVisualStudioVersion = 10.0.40219.1
Project("{9A19103F-16F7-4668-BE54-9A1E7A4F7556}") = "MvcMovie", "MvcMovie\MvcMovie.csproj", "{9C4B8DED-27C6-429A-A0EA-5776FF40DFB0}"
EndProject
Project("{FAE04EC0-301F-11D3-BF4B-00C04F79EFBC}") = "MvcMovie.Test", "MvcMovie.Test\MvcMovie.Test.csproj", "{2A845BF4-8475-42D2-AF83-00D087B9D2A2}"
EndProject
Global
	GlobalSection(SolutionConfigurationPlatforms) = preSolution
		Debug|Any CPU = Debug|Any CPU
		Release|Any CPU = Release|Any CPU
	EndGlobalSection
	GlobalSection(ProjectConfigurationPlatforms) = postSolution
		{9C4B8DED-27C6-429A-A0EA-5776FF40DFB0}.Debug|Any CPU.ActiveCfg = Debug|Any CPU
		{9C4B8DED-27C6-429A-A0EA-5776FF40DFB0}.Debug|Any CPU.Build.0 = Debug|Any CPU
		{9C4B8DED-27C6-429A-A0EA-5776FF40DFB0}.Release|Any CPU.ActiveCfg = Release|Any CPU
		{9C4B8DED-27C6-429A-A0EA-5776FF40DFB0}.Release|Any CPU.Build.0 = Release|Any CPU
		{2A845BF4-8475-42D2-AF83-00D087B9D2A2}.Debug|Any CPU.ActiveCfg = Debug|Any CPU
		{2A845BF4-8475-42D2-AF83-00D087B9D2A2}.Debug|Any CPU.Build.0 = Debug|Any CPU
		{2A845BF4-8475-42D2-AF83-00D087B9D2A2}.Release|Any CPU.ActiveCfg = Release|Any CPU
		{2A845BF4-8475-42D2-AF83-00D087B9D2A2}.Release|Any CPU.Build.0 = Release|Any CPU
	EndGlobalSection
	GlobalSection(SolutionProperties) = preSolution
		HideSolutionNode = FALSE
	EndGlobalSection
	GlobalSection(ExtensibilityGlobals) = postSolution
		SolutionGuid = {04C62698-096A-47A9-9A54-FEBB25BD4599}
	EndGlobalSection
EndGlobal
